
Microsoft Visual Studio Solution File, Format Version 12.00
# Visual Studio Version 17
VisualStudioVersion = 17.10.34928.147
MinimumVisualStudioVersion = 10.0.40219.1
Project("{FAE04EC0-301F-11D3-BF4B-00C04F79EFBC}") = "Presentation_Layer", "Presentation_Layer\Presentation_Layer.csproj", "{55F9D9CC-34B4-4B8D-A29A-0634CE08303E}"
EndProject
Project("{FAE04EC0-301F-11D3-BF4B-00C04F79EFBC}") = "Business_Layer", "Business_Layer\Business_Layer.csproj", "{5FEBC24A-2843-45C2-B3B5-BC073C504592}"
EndProject
Project("{FAE04EC0-301F-11D3-BF4B-00C04F79EFBC}") = "Data_Access_Layer", "Data_Access_Layer\Data_Access_Layer.csproj", "{6268B064-7231-4072-BC51-84AE02AE96E0}"
EndProject
Global
	GlobalSection(SolutionConfigurationPlatforms) = preSolution
		Debug|Any CPU = Debug|Any CPU
		Release|Any CPU = Release|Any CPU
	EndGlobalSection
	GlobalSection(ProjectConfigurationPlatforms) = postSolution
		{55F9D9CC-34B4-4B8D-A29A-0634CE08303E}.Debug|Any CPU.ActiveCfg = Debug|Any CPU
		{55F9D9CC-34B4-4B8D-A29A-0634CE08303E}.Debug|Any CPU.Build.0 = Debug|Any CPU
		{55F9D9CC-34B4-4B8D-A29A-0634CE08303E}.Release|Any CPU.ActiveCfg = Release|Any CPU
		{55F9D9CC-34B4-4B8D-A29A-0634CE08303E}.Release|Any CPU.Build.0 = Release|Any CPU
		{5FEBC24A-2843-45C2-B3B5-BC073C504592}.Debug|Any CPU.ActiveCfg = Debug|Any CPU
		{5FEBC24A-2843-45C2-B3B5-BC073C504592}.Debug|Any CPU.Build.0 = Debug|Any CPU
		{5FEBC24A-2843-45C2-B3B5-BC073C504592}.Release|Any CPU.ActiveCfg = Release|Any CPU
		{5FEBC24A-2843-45C2-B3B5-BC073C504592}.Release|Any CPU.Build.0 = Release|Any CPU
		{6268B064-7231-4072-BC51-84AE02AE96E0}.Debug|Any CPU.ActiveCfg = Debug|Any CPU
		{6268B064-7231-4072-BC51-84AE02AE96E0}.Debug|Any CPU.Build.0 = Debug|Any CPU
		{6268B064-7231-4072-BC51-84AE02AE96E0}.Release|Any CPU.ActiveCfg = Release|Any CPU
		{6268B064-7231-4072-BC51-84AE02AE96E0}.Release|Any CPU.Build.0 = Release|Any CPU
	EndGlobalSection
	GlobalSection(SolutionProperties) = preSolution
		HideSolutionNode = FALSE
	EndGlobalSection
	GlobalSection(ExtensibilityGlobals) = postSolution
		SolutionGuid = {E81E2AA6-2EFC-42AB-8C92-294403B00B2D}
	EndGlobalSection
EndGlobal
